
Microsoft Visual Studio Solution File, Format Version 12.00
# Visual Studio Version 17
VisualStudioVersion = 17.2.32616.157
MinimumVisualStudioVersion = 10.0.40219.1
Project("{2150E333-8FDC-42A3-9474-1A3956D46DE8}") = "Lesson_1", "Lesson_1", "{FEC4CE12-CDFB-453E-8895-65A804765CE6}"
EndProject
Project("{FAE04EC0-301F-11D3-BF4B-00C04F79EFBC}") = "Task_2", "Task_2\Task_2.csproj", "{EC9BC399-6095-4D9C-A202-0C60592EDD4B}"
EndProject
Project("{FAE04EC0-301F-11D3-BF4B-00C04F79EFBC}") = "Task_4", "Task_4\Task_4.csproj", "{93967176-F639-40DE-BF15-8F89B59E6639}"
EndProject
Project("{FAE04EC0-301F-11D3-BF4B-00C04F79EFBC}") = "Task_6", "Task_6\Task_6.csproj", "{37471C00-06CB-448D-929A-07A96109DE11}"
EndProject
Global
	GlobalSection(SolutionConfigurationPlatforms) = preSolution
		Debug|Any CPU = Debug|Any CPU
		Release|Any CPU = Release|Any CPU
	EndGlobalSection
	GlobalSection(ProjectConfigurationPlatforms) = postSolution
		{EC9BC399-6095-4D9C-A202-0C60592EDD4B}.Debug|Any CPU.ActiveCfg = Debug|Any CPU
		{EC9BC399-6095-4D9C-A202-0C60592EDD4B}.Debug|Any CPU.Build.0 = Debug|Any CPU
		{EC9BC399-6095-4D9C-A202-0C60592EDD4B}.Release|Any CPU.ActiveCfg = Release|Any CPU
		{EC9BC399-6095-4D9C-A202-0C60592EDD4B}.Release|Any CPU.Build.0 = Release|Any CPU
		{93967176-F639-40DE-BF15-8F89B59E6639}.Debug|Any CPU.ActiveCfg = Debug|Any CPU
		{93967176-F639-40DE-BF15-8F89B59E6639}.Debug|Any CPU.Build.0 = Debug|Any CPU
		{93967176-F639-40DE-BF15-8F89B59E6639}.Release|Any CPU.ActiveCfg = Release|Any CPU
		{93967176-F639-40DE-BF15-8F89B59E6639}.Release|Any CPU.Build.0 = Release|Any CPU
		{37471C00-06CB-448D-929A-07A96109DE11}.Debug|Any CPU.ActiveCfg = Debug|Any CPU
		{37471C00-06CB-448D-929A-07A96109DE11}.Debug|Any CPU.Build.0 = Debug|Any CPU
		{37471C00-06CB-448D-929A-07A96109DE11}.Release|Any CPU.ActiveCfg = Release|Any CPU
		{37471C00-06CB-448D-929A-07A96109DE11}.Release|Any CPU.Build.0 = Release|Any CPU
	EndGlobalSection
	GlobalSection(SolutionProperties) = preSolution
		HideSolutionNode = FALSE
	EndGlobalSection
	GlobalSection(NestedProjects) = preSolution
		{EC9BC399-6095-4D9C-A202-0C60592EDD4B} = {FEC4CE12-CDFB-453E-8895-65A804765CE6}
		{93967176-F639-40DE-BF15-8F89B59E6639} = {FEC4CE12-CDFB-453E-8895-65A804765CE6}
		{37471C00-06CB-448D-929A-07A96109DE11} = {FEC4CE12-CDFB-453E-8895-65A804765CE6}
	EndGlobalSection
	GlobalSection(ExtensibilityGlobals) = postSolution
		SolutionGuid = {71A92EDC-95C6-45B6-852D-B39B91B7D0A1}
	EndGlobalSection
EndGlobal
